
Microsoft Visual Studio Solution File, Format Version 12.00
# Visual Studio Version 16
VisualStudioVersion = 16.0.28922.388
MinimumVisualStudioVersion = 10.0.40219.1
Project("{FAE04EC0-301F-11D3-BF4B-00C04F79EFBC}") = "PORequest", "PORequest.csproj", "{7EBD452C-9C67-4102-97D4-03688C8B1E74}"
EndProject
Global
	GlobalSection(SolutionConfigurationPlatforms) = preSolution
		Debug|Any CPU = Debug|Any CPU
		Release|Any CPU = Release|Any CPU
	EndGlobalSection
	GlobalSection(ProjectConfigurationPlatforms) = postSolution
		{7EBD452C-9C67-4102-97D4-03688C8B1E74}.Debug|Any CPU.ActiveCfg = Debug|Any CPU
		{7EBD452C-9C67-4102-97D4-03688C8B1E74}.Debug|Any CPU.Build.0 = Debug|Any CPU
		{7EBD452C-9C67-4102-97D4-03688C8B1E74}.Release|Any CPU.ActiveCfg = Release|Any CPU
		{7EBD452C-9C67-4102-97D4-03688C8B1E74}.Release|Any CPU.Build.0 = Release|Any CPU
	EndGlobalSection
	GlobalSection(SolutionProperties) = preSolution
		HideSolutionNode = FALSE
	EndGlobalSection
	GlobalSection(ExtensibilityGlobals) = postSolution
		SolutionGuid = {6A4AE546-C2CE-430A-9C67-443E6F7CE8D5}
	EndGlobalSection
EndGlobal
